
Microsoft Visual Studio Solution File, Format Version 12.00
# Visual Studio Version 17
VisualStudioVersion = 17.4.33205.214
MinimumVisualStudioVersion = 10.0.40219.1
Project("{E24C65DC-7377-472B-9ABA-BC803B73C61A}") = "TG-iPASS", ".", "{BC267173-CC4B-4AD2-B726-461BE60F56A0}"
	ProjectSection(WebsiteProperties) = preProject
		TargetFrameworkMoniker = ".NETFramework,Version%3Dv4.8.1"
		Debug.AspNetCompiler.VirtualPath = "/TSIPASS"
		Debug.AspNetCompiler.PhysicalPath = "..\TG-iPASS\"
		Debug.AspNetCompiler.TargetPath = "PrecompiledWeb\TSIPASS\"
		Debug.AspNetCompiler.Updateable = "true"
		Debug.AspNetCompiler.ForceOverwrite = "true"
		Debug.AspNetCompiler.FixedNames = "false"
		Debug.AspNetCompiler.Debug = "True"
		Release.AspNetCompiler.VirtualPath = "/TSIPASS"
		Release.AspNetCompiler.PhysicalPath = "..\TG-iPASS\"
		Release.AspNetCompiler.TargetPath = "PrecompiledWeb\TSIPASS\"
		Release.AspNetCompiler.Updateable = "true"
		Release.AspNetCompiler.ForceOverwrite = "true"
		Release.AspNetCompiler.FixedNames = "false"
		Release.AspNetCompiler.Debug = "False"
		VWDPort = "12850"
		SlnRelativePath = "..\TG-iPASS\"
	EndProjectSection
EndProject
Global
	GlobalSection(SolutionConfigurationPlatforms) = preSolution
		Debug|Any CPU = Debug|Any CPU
	EndGlobalSection
	GlobalSection(ProjectConfigurationPlatforms) = postSolution
		{BC267173-CC4B-4AD2-B726-461BE60F56A0}.Debug|Any CPU.ActiveCfg = Debug|Any CPU
		{BC267173-CC4B-4AD2-B726-461BE60F56A0}.Debug|Any CPU.Build.0 = Debug|Any CPU
	EndGlobalSection
	GlobalSection(SolutionProperties) = preSolution
		HideSolutionNode = FALSE
	EndGlobalSection
	GlobalSection(ExtensibilityGlobals) = postSolution
		SolutionGuid = {2ED15B70-1B96-4958-9C3A-AB4A177A7E67}
	EndGlobalSection
EndGlobal
